
Microsoft Visual Studio Solution File, Format Version 12.00
# Visual Studio Version 17
VisualStudioVersion = 17.4.33110.190
MinimumVisualStudioVersion = 10.0.40219.1
Project("{FAE04EC0-301F-11D3-BF4B-00C04F79EFBC}") = "WebApplication1", "WebApplication1\WebApplication1.csproj", "{A688DC9A-696D-408C-BA21-7F37F6741189}"
EndProject
Global
	GlobalSection(SolutionConfigurationPlatforms) = preSolution
		Debug|Any CPU = Debug|Any CPU
		Release|Any CPU = Release|Any CPU
	EndGlobalSection
	GlobalSection(ProjectConfigurationPlatforms) = postSolution
		{A688DC9A-696D-408C-BA21-7F37F6741189}.Debug|Any CPU.ActiveCfg = Debug|Any CPU
		{A688DC9A-696D-408C-BA21-7F37F6741189}.Debug|Any CPU.Build.0 = Debug|Any CPU
		{A688DC9A-696D-408C-BA21-7F37F6741189}.Release|Any CPU.ActiveCfg = Release|Any CPU
		{A688DC9A-696D-408C-BA21-7F37F6741189}.Release|Any CPU.Build.0 = Release|Any CPU
	EndGlobalSection
	GlobalSection(SolutionProperties) = preSolution
		HideSolutionNode = FALSE
	EndGlobalSection
	GlobalSection(ExtensibilityGlobals) = postSolution
		SolutionGuid = {EDCA7DB6-1C5C-46C3-B3E9-962607373822}
	EndGlobalSection
EndGlobal
